
Microsoft Visual Studio Solution File, Format Version 12.00
# Visual Studio Version 17
VisualStudioVersion = 17.5.33627.172
MinimumVisualStudioVersion = 10.0.40219.1
Project("{FAE04EC0-301F-11D3-BF4B-00C04F79EFBC}") = "AuthSystem", "AuthSystem\AuthSystem.csproj", "{B439B502-E04F-4326-BEA8-58F42571FBCD}"
EndProject
Global
	GlobalSection(SolutionConfigurationPlatforms) = preSolution
		Debug|Any CPU = Debug|Any CPU
		Release|Any CPU = Release|Any CPU
	EndGlobalSection
	GlobalSection(ProjectConfigurationPlatforms) = postSolution
		{B439B502-E04F-4326-BEA8-58F42571FBCD}.Debug|Any CPU.ActiveCfg = Debug|Any CPU
		{B439B502-E04F-4326-BEA8-58F42571FBCD}.Debug|Any CPU.Build.0 = Debug|Any CPU
		{B439B502-E04F-4326-BEA8-58F42571FBCD}.Release|Any CPU.ActiveCfg = Release|Any CPU
		{B439B502-E04F-4326-BEA8-58F42571FBCD}.Release|Any CPU.Build.0 = Release|Any CPU
	EndGlobalSection
	GlobalSection(SolutionProperties) = preSolution
		HideSolutionNode = FALSE
	EndGlobalSection
	GlobalSection(ExtensibilityGlobals) = postSolution
		SolutionGuid = {E1DC7436-85ED-4370-A354-98EB22F6E2C6}
	EndGlobalSection
EndGlobal
